
Microsoft Visual Studio Solution File, Format Version 12.00
# Visual Studio Version 17
VisualStudioVersion = 17.4.33103.184
MinimumVisualStudioVersion = 10.0.40219.1
Project("{FAE04EC0-301F-11D3-BF4B-00C04F79EFBC}") = "BossFight4", "BossFight4\BossFight4.csproj", "{F4A0E963-DA48-49DD-9EB8-697A4717579A}"
EndProject
Global
	GlobalSection(SolutionConfigurationPlatforms) = preSolution
		Debug|Any CPU = Debug|Any CPU
		Release|Any CPU = Release|Any CPU
	EndGlobalSection
	GlobalSection(ProjectConfigurationPlatforms) = postSolution
		{F4A0E963-DA48-49DD-9EB8-697A4717579A}.Debug|Any CPU.ActiveCfg = Debug|Any CPU
		{F4A0E963-DA48-49DD-9EB8-697A4717579A}.Debug|Any CPU.Build.0 = Debug|Any CPU
		{F4A0E963-DA48-49DD-9EB8-697A4717579A}.Release|Any CPU.ActiveCfg = Release|Any CPU
		{F4A0E963-DA48-49DD-9EB8-697A4717579A}.Release|Any CPU.Build.0 = Release|Any CPU
	EndGlobalSection
	GlobalSection(SolutionProperties) = preSolution
		HideSolutionNode = FALSE
	EndGlobalSection
	GlobalSection(ExtensibilityGlobals) = postSolution
		SolutionGuid = {2DB79671-2024-459C-AE7F-F0451BA44DD9}
	EndGlobalSection
EndGlobal
