
Microsoft Visual Studio Solution File, Format Version 12.00
# Visual Studio Version 17
VisualStudioVersion = 17.1.32421.90
MinimumVisualStudioVersion = 10.0.40219.1
Project("{FAE04EC0-301F-11D3-BF4B-00C04F79EFBC}") = "ifstatements2", "ifstatements2\ifstatements2.csproj", "{E86960E2-8BD8-4FFE-8949-D0B544A6DC6B}"
EndProject
Global
	GlobalSection(SolutionConfigurationPlatforms) = preSolution
		Debug|Any CPU = Debug|Any CPU
		Release|Any CPU = Release|Any CPU
	EndGlobalSection
	GlobalSection(ProjectConfigurationPlatforms) = postSolution
		{E86960E2-8BD8-4FFE-8949-D0B544A6DC6B}.Debug|Any CPU.ActiveCfg = Debug|Any CPU
		{E86960E2-8BD8-4FFE-8949-D0B544A6DC6B}.Debug|Any CPU.Build.0 = Debug|Any CPU
		{E86960E2-8BD8-4FFE-8949-D0B544A6DC6B}.Release|Any CPU.ActiveCfg = Release|Any CPU
		{E86960E2-8BD8-4FFE-8949-D0B544A6DC6B}.Release|Any CPU.Build.0 = Release|Any CPU
	EndGlobalSection
	GlobalSection(SolutionProperties) = preSolution
		HideSolutionNode = FALSE
	EndGlobalSection
	GlobalSection(ExtensibilityGlobals) = postSolution
		SolutionGuid = {10EEA541-B9E5-4FF4-BC4F-4621897627B0}
	EndGlobalSection
EndGlobal
