
Microsoft Visual Studio Solution File, Format Version 12.00
# Visual Studio Version 17
VisualStudioVersion = 17.3.32929.385
MinimumVisualStudioVersion = 10.0.40219.1
Project("{FAE04EC0-301F-11D3-BF4B-00C04F79EFBC}") = "MoneyMaker", "MoneyMaker\MoneyMaker.csproj", "{142D030A-2A67-4314-AA2E-408E010EE82E}"
EndProject
Global
	GlobalSection(SolutionConfigurationPlatforms) = preSolution
		Debug|Any CPU = Debug|Any CPU
		Release|Any CPU = Release|Any CPU
	EndGlobalSection
	GlobalSection(ProjectConfigurationPlatforms) = postSolution
		{142D030A-2A67-4314-AA2E-408E010EE82E}.Debug|Any CPU.ActiveCfg = Debug|Any CPU
		{142D030A-2A67-4314-AA2E-408E010EE82E}.Debug|Any CPU.Build.0 = Debug|Any CPU
		{142D030A-2A67-4314-AA2E-408E010EE82E}.Release|Any CPU.ActiveCfg = Release|Any CPU
		{142D030A-2A67-4314-AA2E-408E010EE82E}.Release|Any CPU.Build.0 = Release|Any CPU
	EndGlobalSection
	GlobalSection(SolutionProperties) = preSolution
		HideSolutionNode = FALSE
	EndGlobalSection
	GlobalSection(ExtensibilityGlobals) = postSolution
		SolutionGuid = {DB56AEDA-FA85-4B3B-84D4-0A03E5F5F3A5}
	EndGlobalSection
EndGlobal
