
Microsoft Visual Studio Solution File, Format Version 12.00
# Visual Studio Version 17
VisualStudioVersion = 17.1.32421.90
MinimumVisualStudioVersion = 10.0.40219.1
Project("{FAE04EC0-301F-11D3-BF4B-00C04F79EFBC}") = "ifstatements", "ifstatements\ifstatements.csproj", "{1E593CE2-3802-4B73-BEC0-0AD2202D7E60}"
EndProject
Global
	GlobalSection(SolutionConfigurationPlatforms) = preSolution
		Debug|Any CPU = Debug|Any CPU
		Release|Any CPU = Release|Any CPU
	EndGlobalSection
	GlobalSection(ProjectConfigurationPlatforms) = postSolution
		{1E593CE2-3802-4B73-BEC0-0AD2202D7E60}.Debug|Any CPU.ActiveCfg = Debug|Any CPU
		{1E593CE2-3802-4B73-BEC0-0AD2202D7E60}.Debug|Any CPU.Build.0 = Debug|Any CPU
		{1E593CE2-3802-4B73-BEC0-0AD2202D7E60}.Release|Any CPU.ActiveCfg = Release|Any CPU
		{1E593CE2-3802-4B73-BEC0-0AD2202D7E60}.Release|Any CPU.Build.0 = Release|Any CPU
	EndGlobalSection
	GlobalSection(SolutionProperties) = preSolution
		HideSolutionNode = FALSE
	EndGlobalSection
	GlobalSection(ExtensibilityGlobals) = postSolution
		SolutionGuid = {F7D347B1-01DD-4B50-AFB7-D3FE7AE6CC19}
	EndGlobalSection
EndGlobal
