
Microsoft Visual Studio Solution File, Format Version 12.00
# Visual Studio Version 17
VisualStudioVersion = 17.3.32929.385
MinimumVisualStudioVersion = 10.0.40219.1
Project("{FAE04EC0-301F-11D3-BF4B-00C04F79EFBC}") = "bossFightWithList", "bossFightWithList\bossFightWithList.csproj", "{53D14C64-B354-4FFC-8AA2-AE9EA8644635}"
EndProject
Global
	GlobalSection(SolutionConfigurationPlatforms) = preSolution
		Debug|Any CPU = Debug|Any CPU
		Release|Any CPU = Release|Any CPU
	EndGlobalSection
	GlobalSection(ProjectConfigurationPlatforms) = postSolution
		{53D14C64-B354-4FFC-8AA2-AE9EA8644635}.Debug|Any CPU.ActiveCfg = Debug|Any CPU
		{53D14C64-B354-4FFC-8AA2-AE9EA8644635}.Debug|Any CPU.Build.0 = Debug|Any CPU
		{53D14C64-B354-4FFC-8AA2-AE9EA8644635}.Release|Any CPU.ActiveCfg = Release|Any CPU
		{53D14C64-B354-4FFC-8AA2-AE9EA8644635}.Release|Any CPU.Build.0 = Release|Any CPU
	EndGlobalSection
	GlobalSection(SolutionProperties) = preSolution
		HideSolutionNode = FALSE
	EndGlobalSection
	GlobalSection(ExtensibilityGlobals) = postSolution
		SolutionGuid = {C1FB0371-CB11-4F7F-9B9F-4D68CEB6D308}
	EndGlobalSection
EndGlobal
