
Microsoft Visual Studio Solution File, Format Version 12.00
# Visual Studio Version 17
VisualStudioVersion = 17.3.32929.385
MinimumVisualStudioVersion = 10.0.40219.1
Project("{FAE04EC0-301F-11D3-BF4B-00C04F79EFBC}") = "CodeAlong2", "CodeAlong2\CodeAlong2.csproj", "{CD8312E2-44B1-4BCD-B525-BAED9555FB07}"
EndProject
Global
	GlobalSection(SolutionConfigurationPlatforms) = preSolution
		Debug|Any CPU = Debug|Any CPU
		Release|Any CPU = Release|Any CPU
	EndGlobalSection
	GlobalSection(ProjectConfigurationPlatforms) = postSolution
		{CD8312E2-44B1-4BCD-B525-BAED9555FB07}.Debug|Any CPU.ActiveCfg = Debug|Any CPU
		{CD8312E2-44B1-4BCD-B525-BAED9555FB07}.Debug|Any CPU.Build.0 = Debug|Any CPU
		{CD8312E2-44B1-4BCD-B525-BAED9555FB07}.Release|Any CPU.ActiveCfg = Release|Any CPU
		{CD8312E2-44B1-4BCD-B525-BAED9555FB07}.Release|Any CPU.Build.0 = Release|Any CPU
	EndGlobalSection
	GlobalSection(SolutionProperties) = preSolution
		HideSolutionNode = FALSE
	EndGlobalSection
	GlobalSection(ExtensibilityGlobals) = postSolution
		SolutionGuid = {6B6E0108-99A0-4247-A191-5E938D053AB9}
	EndGlobalSection
EndGlobal
