
Microsoft Visual Studio Solution File, Format Version 12.00
# Visual Studio Version 17
VisualStudioVersion = 17.3.32929.385
MinimumVisualStudioVersion = 10.0.40219.1
Project("{FAE04EC0-301F-11D3-BF4B-00C04F79EFBC}") = "Hotel1", "Hotel1\Hotel1.csproj", "{7697EE58-D56A-4CEC-B0CC-A6047CF350C5}"
EndProject
Global
	GlobalSection(SolutionConfigurationPlatforms) = preSolution
		Debug|Any CPU = Debug|Any CPU
		Release|Any CPU = Release|Any CPU
	EndGlobalSection
	GlobalSection(ProjectConfigurationPlatforms) = postSolution
		{7697EE58-D56A-4CEC-B0CC-A6047CF350C5}.Debug|Any CPU.ActiveCfg = Debug|Any CPU
		{7697EE58-D56A-4CEC-B0CC-A6047CF350C5}.Debug|Any CPU.Build.0 = Debug|Any CPU
		{7697EE58-D56A-4CEC-B0CC-A6047CF350C5}.Release|Any CPU.ActiveCfg = Release|Any CPU
		{7697EE58-D56A-4CEC-B0CC-A6047CF350C5}.Release|Any CPU.Build.0 = Release|Any CPU
	EndGlobalSection
	GlobalSection(SolutionProperties) = preSolution
		HideSolutionNode = FALSE
	EndGlobalSection
	GlobalSection(ExtensibilityGlobals) = postSolution
		SolutionGuid = {5C4E5282-46B6-4D66-BFDF-1EC92D8147E8}
	EndGlobalSection
EndGlobal
