
Microsoft Visual Studio Solution File, Format Version 12.00
# Visual Studio Version 17
VisualStudioVersion = 17.3.32929.385
MinimumVisualStudioVersion = 10.0.40219.1
Project("{FAE04EC0-301F-11D3-BF4B-00C04F79EFBC}") = "Ballgame3", "Ballgame3\Ballgame3.csproj", "{3FEE0F86-D789-4E85-8F8F-EBBA9EA733ED}"
EndProject
Global
	GlobalSection(SolutionConfigurationPlatforms) = preSolution
		Debug|Any CPU = Debug|Any CPU
		Release|Any CPU = Release|Any CPU
	EndGlobalSection
	GlobalSection(ProjectConfigurationPlatforms) = postSolution
		{3FEE0F86-D789-4E85-8F8F-EBBA9EA733ED}.Debug|Any CPU.ActiveCfg = Debug|Any CPU
		{3FEE0F86-D789-4E85-8F8F-EBBA9EA733ED}.Debug|Any CPU.Build.0 = Debug|Any CPU
		{3FEE0F86-D789-4E85-8F8F-EBBA9EA733ED}.Release|Any CPU.ActiveCfg = Release|Any CPU
		{3FEE0F86-D789-4E85-8F8F-EBBA9EA733ED}.Release|Any CPU.Build.0 = Release|Any CPU
	EndGlobalSection
	GlobalSection(SolutionProperties) = preSolution
		HideSolutionNode = FALSE
	EndGlobalSection
	GlobalSection(ExtensibilityGlobals) = postSolution
		SolutionGuid = {58FD0202-A935-4B6D-89EB-D22CD2F56CDF}
	EndGlobalSection
EndGlobal
