
Microsoft Visual Studio Solution File, Format Version 12.00
# Visual Studio Version 17
VisualStudioVersion = 17.1.32421.90
MinimumVisualStudioVersion = 10.0.40219.1
Project("{FAE04EC0-301F-11D3-BF4B-00C04F79EFBC}") = "ExponentMethod", "ExponentMethod\ExponentMethod.csproj", "{EEC6BB6D-0DAF-44FB-BFA4-E217812D14EA}"
EndProject
Global
	GlobalSection(SolutionConfigurationPlatforms) = preSolution
		Debug|Any CPU = Debug|Any CPU
		Release|Any CPU = Release|Any CPU
	EndGlobalSection
	GlobalSection(ProjectConfigurationPlatforms) = postSolution
		{EEC6BB6D-0DAF-44FB-BFA4-E217812D14EA}.Debug|Any CPU.ActiveCfg = Debug|Any CPU
		{EEC6BB6D-0DAF-44FB-BFA4-E217812D14EA}.Debug|Any CPU.Build.0 = Debug|Any CPU
		{EEC6BB6D-0DAF-44FB-BFA4-E217812D14EA}.Release|Any CPU.ActiveCfg = Release|Any CPU
		{EEC6BB6D-0DAF-44FB-BFA4-E217812D14EA}.Release|Any CPU.Build.0 = Release|Any CPU
	EndGlobalSection
	GlobalSection(SolutionProperties) = preSolution
		HideSolutionNode = FALSE
	EndGlobalSection
	GlobalSection(ExtensibilityGlobals) = postSolution
		SolutionGuid = {903A586A-DC72-4A10-B9AF-8EE817FF6F7E}
	EndGlobalSection
EndGlobal
